dependencies:
- name: cloudnative-pg-chart
  repository: oci://dhi.io
  version: 0.28.2
- name: plugin-barman-cloud
  repository: https://cloudnative-pg.github.io/charts
  version: 0.6.0
digest: sha256:06ce7bc4866f96b6cec86951c23a409c7516429ea213f24d7efcda2e6e566a37
generated: "2026-05-13T17:56:49.055970232Z"
