dependencies:
- name: forgejo
  repository: oci://code.forgejo.org/forgejo-helm
  version: 17.1.7
- name: forgejo-runner
  repository: oci://ghcr.io/isityael/charts
  version: 0.1.20
digest: sha256:709cfcae0e8513fddd096a23be42874e1d2cc1788f084b15cfbfd1947e873c1a
generated: "2026-09-18T07:36:33.629177128Z"
