dependencies:
- name: forgejo
  repository: oci://code.forgejo.org/forgejo-helm
  version: 17.1.7
- name: forgejo-runner
  repository: oci://ghcr.io/isityael/charts
  version: 0.1.21
digest: sha256:aaed7e035dfa1bb6fcec7d4cc1fdfeb220c91a1366728448538a5c36fcf95f48
generated: "2026-09-19T22:50:19.228530899Z"
