dependencies:
- name: forgejo
  repository: oci://code.forgejo.org/forgejo-helm
  version: 17.1.4
- name: forgejo-runner
  repository: oci://ghcr.io/isityael/charts
  version: 0.1.15
digest: sha256:feeeccc4040957422d6f3e6a6560cd4071f68bfc9a138d76591da056af8fdeab
generated: "2026-07-30T21:34:17.116222651Z"
