dependencies:
- name: prometheus-snmp-exporter
  repository: https://prometheus-community.github.io/helm-charts
  version: 9.18.1
- name: prometheus-pve-exporter
  repository: https://charts.christianhuth.de
  version: 2.10.1
digest: sha256:e5fa6f98c0d77aa1194bc1bf2a6180ed2f2d9ed5e4e4befa0a523197f94ae39a
generated: "2026-10-03T15:37:31.952930129Z"
