dependencies:
- name: prometheus-snmp-exporter
  repository: https://prometheus-community.github.io/helm-charts
  version: 9.18.0
- name: prometheus-pve-exporter
  repository: https://charts.christianhuth.de
  version: 2.10.0
digest: sha256:1fe878290eb59d629d0438e4ef19711fd7a02ba8a189df9cabf1fd0f477a7088
generated: "2026-09-10T12:31:34.171958916Z"
