dependencies:
- name: prometheus-snmp-exporter
  repository: https://prometheus-community.github.io/helm-charts
  version: 9.17.0
- name: prometheus-pve-exporter
  repository: https://charts.christianhuth.de
  version: 2.9.0
digest: sha256:b554fc765af5de9c5ab9953cc8c42147dbffe8c617045eaba92073d68c78e505
generated: "2026-08-10T09:33:15.196723889Z"
