dependencies:
- name: matrix-stack
  repository: oci://ghcr.io/element-hq/ess-helm
  version: 26.7.0
- name: mautrix-bridge
  repository: file://charts/mautrix-bridge
  version: 0.0.34
- name: mautrix-bridge
  repository: file://charts/mautrix-bridge
  version: 0.0.34
- name: mautrix-bridge
  repository: file://charts/mautrix-bridge
  version: 0.0.34
- name: mautrix-bridge
  repository: file://charts/mautrix-bridge
  version: 0.0.34
- name: matrix-appservice-irc
  repository: https://cyclikal94.github.io/matrix-helm-charts
  version: 1.0.0
- name: cinny
  repository: file://charts/cinny
  version: 0.2.23
digest: sha256:c2f1db9cbe192c029f71d105c0ba841f7e57dbd654bcdbe09f4eaed87aab65ce
generated: "2026-07-10T17:05:20.500032966Z"
