dependencies:
- name: matrix-stack
  repository: oci://ghcr.io/element-hq/ess-helm
  version: 26.7.2
- name: mautrix-bridge
  repository: file://charts/mautrix-bridge
  version: 0.0.34
- name: mautrix-bridge
  repository: file://charts/mautrix-bridge
  version: 0.0.34
- name: mautrix-bridge
  repository: file://charts/mautrix-bridge
  version: 0.0.34
- name: mautrix-bridge
  repository: file://charts/mautrix-bridge
  version: 0.0.34
- name: matrix-appservice-irc
  repository: file://charts/matrix-appservice-irc
  version: 1.0.0
- name: cinny
  repository: file://charts/cinny
  version: 0.2.23
digest: sha256:a25e39551721f730e7d4542bc9112e10db738b0a7fe71a4dea9b654017070b55
generated: "2026-07-29T19:47:41.652639+02:00"
