dependencies:
- name: matrix-stack
  repository: oci://ghcr.io/element-hq/ess-helm
  version: 26.8.1
- name: mautrix-bridge
  repository: file://charts/mautrix-bridge
  version: 0.0.34
- name: mautrix-bridge
  repository: file://charts/mautrix-bridge
  version: 0.0.34
- name: mautrix-bridge
  repository: file://charts/mautrix-bridge
  version: 0.0.34
- name: mautrix-bridge
  repository: file://charts/mautrix-bridge
  version: 0.0.34
- name: matrix-appservice-irc
  repository: file://charts/matrix-appservice-irc
  version: 1.0.0
- name: cinny
  repository: file://charts/cinny
  version: 0.2.23
digest: sha256:f2afc4251019d160bb60ae44487efd2d854e8e405c1dc7f075e6269234b20d6e
generated: "2026-08-23T03:38:04.531646353Z"
